
Microsoft Visual Studio Solution File, Format Version 12.00
# Visual Studio Version 16
VisualStudioVersion = 16.0.31129.286
MinimumVisualStudioVersion = 10.0.40219.1
Project("{FAE04EC0-301F-11D3-BF4B-00C04F79EFBC}") = "KataIndividual", "KataIndividual\KataIndividual.csproj", "{E53C5BA2-1370-4597-9C2B-234D5C0D645E}"
EndProject
Project("{FAE04EC0-301F-11D3-BF4B-00C04F79EFBC}") = "TestProject1", "TestProject1\TestProject1.csproj", "{13003A94-D1C0-4821-A797-924A284BF9F5}"
EndProject
Global
	GlobalSection(SolutionConfigurationPlatforms) = preSolution
		Debug|Any CPU = Debug|Any CPU
		Release|Any CPU = Release|Any CPU
	EndGlobalSection
	GlobalSection(ProjectConfigurationPlatforms) = postSolution
		{E53C5BA2-1370-4597-9C2B-234D5C0D645E}.Debug|Any CPU.ActiveCfg = Debug|Any CPU
		{E53C5BA2-1370-4597-9C2B-234D5C0D645E}.Debug|Any CPU.Build.0 = Debug|Any CPU
		{E53C5BA2-1370-4597-9C2B-234D5C0D645E}.Release|Any CPU.ActiveCfg = Release|Any CPU
		{E53C5BA2-1370-4597-9C2B-234D5C0D645E}.Release|Any CPU.Build.0 = Release|Any CPU
		{13003A94-D1C0-4821-A797-924A284BF9F5}.Debug|Any CPU.ActiveCfg = Debug|Any CPU
		{13003A94-D1C0-4821-A797-924A284BF9F5}.Debug|Any CPU.Build.0 = Debug|Any CPU
		{13003A94-D1C0-4821-A797-924A284BF9F5}.Release|Any CPU.ActiveCfg = Release|Any CPU
		{13003A94-D1C0-4821-A797-924A284BF9F5}.Release|Any CPU.Build.0 = Release|Any CPU
	EndGlobalSection
	GlobalSection(SolutionProperties) = preSolution
		HideSolutionNode = FALSE
	EndGlobalSection
	GlobalSection(ExtensibilityGlobals) = postSolution
		SolutionGuid = {112315F8-A03B-4F54-8942-61611117D59F}
	EndGlobalSection
EndGlobal
